<?xml version="1.0" encoding="utf-8"?>
<Project ToolsVersion="4.0" xmlns="http://schemas.microsoft.com/developer/msbuild/2003">
  <ItemGroup>
    <Filter Include="Source Files">
      <UniqueIdentifier>{b922fcdb-59fd-496d-a137-647aa12b07df}</UniqueIdentifier>
      <Extensions>cpp;c;cxx;rc;def;r;odl;idl;hpj;bat</Extensions>
    </Filter>
    <Filter Include="Header Files">
      <UniqueIdentifier>{8ad32d9a-6ccf-44d3-abd8-c0ccfd7b7eb3}</UniqueIdentifier>
      <Extensions>h;hpp;hxx;hm;inl</Extensions>
    </Filter>
    <Filter Include="Resource Files">
      <UniqueIdentifier>{939e5125-c861-49d1-908e-55296e9acd13}</UniqueIdentifier>
      <Extensions>ico;cur;bmp;dlg;rc2;rct;bin;rgs;gif;jpg;jpeg;jpe</Extensions>
    </Filter>
  </ItemGroup>
  <ItemGroup>
    <ClCompile Include="ado2.cpp">
      <Filter>Source Files</Filter>
    </ClCompile>
    <ClCompile Include="BaseEquipment.cpp">
      <Filter>Source Files</Filter>
    </ClCompile>
    <ClCompile Include="BaseNetAgreement.cpp">
      <Filter>Source Files</Filter>
    </ClCompile>
    <ClCompile Include="ClientManager.cpp">
      <Filter>Source Files</Filter>
    </ClCompile>
    <ClCompile Include="DBWork.cpp">
      <Filter>Source Files</Filter>
    </ClCompile>
    <ClCompile Include="DoUserEvent.cpp">
      <Filter>Source Files</Filter>
    </ClCompile>
    <ClCompile Include="EquimentList.cpp">
      <Filter>Source Files</Filter>
    </ClCompile>
    <ClCompile Include="EquipmentManager.cpp">
      <Filter>Source Files</Filter>
    </ClCompile>
    <ClCompile Include="GmemoryDataManager.cpp">
      <Filter>Source Files</Filter>
    </ClCompile>
    <ClCompile Include="GTQEquipment.cpp">
      <Filter>Source Files</Filter>
    </ClCompile>
    <ClCompile Include="IOCPBuff.cpp">
      <Filter>Source Files</Filter>
    </ClCompile>
    <ClCompile Include="Log.cpp">
      <Filter>Source Files</Filter>
    </ClCompile>
    <ClCompile Include="MemoryPool.cpp">
      <Filter>Source Files</Filter>
    </ClCompile>
    <ClCompile Include="MTGPSEquipment.cpp">
      <Filter>Source Files</Filter>
    </ClCompile>
    <ClCompile Include="MTJJAEquipment.cpp">
      <Filter>Source Files</Filter>
    </ClCompile>
    <ClCompile Include="Net.cpp">
      <Filter>Source Files</Filter>
    </ClCompile>
    <ClCompile Include="NetAgreement.cpp">
      <Filter>Source Files</Filter>
    </ClCompile>
    <ClCompile Include="NetEquipment.cpp">
      <Filter>Source Files</Filter>
    </ClCompile>
    <ClCompile Include="NetNode.cpp">
      <Filter>Source Files</Filter>
    </ClCompile>
    <ClCompile Include="NetReadThread.cpp">
      <Filter>Source Files</Filter>
    </ClCompile>
    <ClCompile Include="NetServer.cpp">
      <Filter>Source Files</Filter>
    </ClCompile>
    <ClCompile Include="NetServerDlg.cpp">
      <Filter>Source Files</Filter>
    </ClCompile>
    <ClCompile Include="NetWorkThread.cpp">
      <Filter>Source Files</Filter>
    </ClCompile>
    <ClCompile Include="SocketService.cpp">
      <Filter>Source Files</Filter>
    </ClCompile>
    <ClCompile Include="StdAfx.cpp">
      <Filter>Source Files</Filter>
    </ClCompile>
    <ClCompile Include="SystemInfo.cpp">
      <Filter>Source Files</Filter>
    </ClCompile>
    <ClCompile Include="Thread.cpp">
      <Filter>Source Files</Filter>
    </ClCompile>
    <ClCompile Include="ThreadMsgManager.cpp">
      <Filter>Source Files</Filter>
    </ClCompile>
    <ClCompile Include="TQEquipment.cpp">
      <Filter>Source Files</Filter>
    </ClCompile>
    <ClCompile Include="Mapx.cpp">
      <Filter>Source Files</Filter>
    </ClCompile>
    <ClCompile Include="msg.pb.cc">
      <Filter>Source Files</Filter>
    </ClCompile>
    <ClCompile Include="zxDBHelper.cpp">
      <Filter>Source Files</Filter>
    </ClCompile>
    <ClCompile Include="zxArea.cpp">
      <Filter>Source Files</Filter>
    </ClCompile>
    <ClCompile Include="ACMThread.cpp">
      <Filter>Source Files</Filter>
    </ClCompile>
    <ClCompile Include="GPSDataProcessThread.cpp">
      <Filter>Source Files</Filter>
    </ClCompile>
    <ClCompile Include="CommandProcessThread.cpp">
      <Filter>Source Files</Filter>
    </ClCompile>
  </ItemGroup>
  <ItemGroup>
    <ResourceCompile Include="NetServer.rc">
      <Filter>Source Files</Filter>
    </ResourceCompile>
  </ItemGroup>
  <ItemGroup>
    <ClInclude Include="ado2.h">
      <Filter>Header Files</Filter>
    </ClInclude>
    <ClInclude Include="BaseEquipment.h">
      <Filter>Header Files</Filter>
    </ClInclude>
    <ClInclude Include="BaseNetAgreement.h">
      <Filter>Header Files</Filter>
    </ClInclude>
    <ClInclude Include="ClientManager.h">
      <Filter>Header Files</Filter>
    </ClInclude>
    <ClInclude Include="CommField.h">
      <Filter>Header Files</Filter>
    </ClInclude>
    <ClInclude Include="DBWork.h">
      <Filter>Header Files</Filter>
    </ClInclude>
    <ClInclude Include="DoUserEvent.h">
      <Filter>Header Files</Filter>
    </ClInclude>
    <ClInclude Include="EquimentList.h">
      <Filter>Header Files</Filter>
    </ClInclude>
    <ClInclude Include="EquipmentManager.h">
      <Filter>Header Files</Filter>
    </ClInclude>
    <ClInclude Include="GmemoryDataManager.h">
      <Filter>Header Files</Filter>
    </ClInclude>
    <ClInclude Include="GpsFiled.h">
      <Filter>Header Files</Filter>
    </ClInclude>
    <ClInclude Include="GTQEquipment.h">
      <Filter>Header Files</Filter>
    </ClInclude>
    <ClInclude Include="GuardFiled.h">
      <Filter>Header Files</Filter>
    </ClInclude>
    <ClInclude Include="HeadFile.h">
      <Filter>Header Files</Filter>
    </ClInclude>
    <ClInclude Include="IOCPBuff.h">
      <Filter>Header Files</Filter>
    </ClInclude>
    <ClInclude Include="Log.h">
      <Filter>Header Files</Filter>
    </ClInclude>
    <ClInclude Include="MemoryPool.h">
      <Filter>Header Files</Filter>
    </ClInclude>
    <ClInclude Include="MTGPSEquipment.h">
      <Filter>Header Files</Filter>
    </ClInclude>
    <ClInclude Include="MTJJAEquipment.h">
      <Filter>Header Files</Filter>
    </ClInclude>
    <ClInclude Include="Net.h">
      <Filter>Header Files</Filter>
    </ClInclude>
    <ClInclude Include="NetAgreement.h">
      <Filter>Header Files</Filter>
    </ClInclude>
    <ClInclude Include="NetEquipment.h">
      <Filter>Header Files</Filter>
    </ClInclude>
    <ClInclude Include="NetField.h">
      <Filter>Header Files</Filter>
    </ClInclude>
    <ClInclude Include="NetNode.h">
      <Filter>Header Files</Filter>
    </ClInclude>
    <ClInclude Include="NetReadThread.h">
      <Filter>Header Files</Filter>
    </ClInclude>
    <ClInclude Include="NetServer.h">
      <Filter>Header Files</Filter>
    </ClInclude>
    <ClInclude Include="NetServerDlg.h">
      <Filter>Header Files</Filter>
    </ClInclude>
    <ClInclude Include="NetWorkThread.h">
      <Filter>Header Files</Filter>
    </ClInclude>
    <ClInclude Include="Resource.h">
      <Filter>Header Files</Filter>
    </ClInclude>
    <ClInclude Include="ReturnNumber.h">
      <Filter>Header Files</Filter>
    </ClInclude>
    <ClInclude Include="SocketService.h">
      <Filter>Header Files</Filter>
    </ClInclude>
    <ClInclude Include="StdAfx.h">
      <Filter>Header Files</Filter>
    </ClInclude>
    <ClInclude Include="SystemInfo.h">
      <Filter>Header Files</Filter>
    </ClInclude>
    <ClInclude Include="Thread.h">
      <Filter>Header Files</Filter>
    </ClInclude>
    <ClInclude Include="ThreadMsgManager.h">
      <Filter>Header Files</Filter>
    </ClInclude>
    <ClInclude Include="TQEquipment.h">
      <Filter>Header Files</Filter>
    </ClInclude>
    <ClInclude Include="Mapx.h">
      <Filter>Header Files</Filter>
    </ClInclude>
    <ClInclude Include="msg.pb.h">
      <Filter>Header Files</Filter>
    </ClInclude>
    <ClInclude Include="otlv4.h">
      <Filter>Header Files</Filter>
    </ClInclude>
    <ClInclude Include="zxDBHelper.h">
      <Filter>Header Files</Filter>
    </ClInclude>
    <ClInclude Include="Common.h">
      <Filter>Header Files</Filter>
    </ClInclude>
    <ClInclude Include="MapXReplace.h">
      <Filter>Header Files</Filter>
    </ClInclude>
    <ClInclude Include="zxArea.h">
      <Filter>Header Files</Filter>
    </ClInclude>
    <ClInclude Include="controlled_module.hpp">
      <Filter>Header Files</Filter>
    </ClInclude>
    <ClInclude Include="controlled_module_ex.hpp">
      <Filter>Header Files</Filter>
    </ClInclude>
    <ClInclude Include="thread.hpp">
      <Filter>Header Files</Filter>
    </ClInclude>
    <ClInclude Include="janitor.hpp">
      <Filter>Header Files</Filter>
    </ClInclude>
    <ClInclude Include="ACMThread.h">
      <Filter>Header Files</Filter>
    </ClInclude>
    <ClInclude Include="GPSDataProcessThread.h">
      <Filter>Header Files</Filter>
    </ClInclude>
    <ClInclude Include="CommandProcessThread.h">
      <Filter>Header Files</Filter>
    </ClInclude>
  </ItemGroup>
  <ItemGroup>
    <CustomBuild Include="Net.ico">
      <Filter>Resource Files</Filter>
    </CustomBuild>
    <CustomBuild Include="res\NetServer.ico">
      <Filter>Resource Files</Filter>
    </CustomBuild>
    <CustomBuild Include="res\NetServer.rc2">
      <Filter>Resource Files</Filter>
    </CustomBuild>
    <CustomBuild Include="ReadMe.txt" />
  </ItemGroup>
</Project>